Microsoft Visual Studio Solution File, Format Version 12.00
# Visual Studio Version 17
VisualStudioVersion = 17.5.2.0
MinimumVisualStudioVersion = 10.0.40219.1
Project("{FAE04EC0-301F-11D3-BF4B-00C04F79EFBC}") = "SMB Characters", "SMB Characters.csproj", "{B16FDC0E-BD99-A89A-BD5E-00930820EAF4}"
EndProject
Global
	GlobalSection(SolutionConfigurationPlatforms) = preSolution
		Debug|Any CPU = Debug|Any CPU
		Release|Any CPU = Release|Any CPU
	EndGlobalSection
	GlobalSection(ProjectConfigurationPlatforms) = postSolution
		{B16FDC0E-BD99-A89A-BD5E-00930820EAF4}.Debug|Any CPU.ActiveCfg = Debug|Any CPU
		{B16FDC0E-BD99-A89A-BD5E-00930820EAF4}.Debug|Any CPU.Build.0 = Debug|Any CPU
		{B16FDC0E-BD99-A89A-BD5E-00930820EAF4}.Release|Any CPU.ActiveCfg = Release|Any CPU
		{B16FDC0E-BD99-A89A-BD5E-00930820EAF4}.Release|Any CPU.Build.0 = Release|Any CPU
	EndGlobalSection
	GlobalSection(SolutionProperties) = preSolution
		HideSolutionNode = FALSE
	EndGlobalSection
	GlobalSection(ExtensibilityGlobals) = postSolution
		SolutionGuid = {E4801521-69F6-4342-9BC5-2EE2C2DE915A}
	EndGlobalSection
EndGlobal
